
Microsoft Visual Studio Solution File, Format Version 12.00
# Visual Studio 15
VisualStudioVersion = 15.0.28307.168
MinimumVisualStudioVersion = 10.0.40219.1
Project("{FAE04EC0-301F-11D3-BF4B-00C04F79EFBC}") = "CentralitaHerencia", "CentralitaHerencia\CentralitaHerencia.csproj", "{8F0A9ADE-389A-46D0-A726-7059BA3D555F}"
EndProject
Project("{FAE04EC0-301F-11D3-BF4B-00C04F79EFBC}") = "Test", "Test\Test.csproj", "{EA3ACCEF-41D0-4DF8-A5F4-C161DBFB965D}"
EndProject
Project("{FAE04EC0-301F-11D3-BF4B-00C04F79EFBC}") = "CentralitaForm", "CentralitaForm\CentralitaForm.csproj", "{A4ADE4B1-1BB5-4A67-9B11-15F2D1DA3119}"
EndProject
Project("{FAE04EC0-301F-11D3-BF4B-00C04F79EFBC}") = "TestCentralita", "TestCentralita\TestCentralita.csproj", "{ADDC048D-69A8-493F-86F4-975461C0175B}"
EndProject
Project("{FAE04EC0-301F-11D3-BF4B-00C04F79EFBC}") = "EntidadesDAO", "EntidadesDAO\EntidadesDAO.csproj", "{0D7B32E4-3F0C-445B-98F2-9DBD19020386}"
EndProject
Global
	GlobalSection(SolutionConfigurationPlatforms) = preSolution
		Debug|Any CPU = Debug|Any CPU
		Release|Any CPU = Release|Any CPU
	EndGlobalSection
	GlobalSection(ProjectConfigurationPlatforms) = postSolution
		{8F0A9ADE-389A-46D0-A726-7059BA3D555F}.Debug|Any CPU.ActiveCfg = Debug|Any CPU
		{8F0A9ADE-389A-46D0-A726-7059BA3D555F}.Debug|Any CPU.Build.0 = Debug|Any CPU
		{8F0A9ADE-389A-46D0-A726-7059BA3D555F}.Release|Any CPU.ActiveCfg = Release|Any CPU
		{8F0A9ADE-389A-46D0-A726-7059BA3D555F}.Release|Any CPU.Build.0 = Release|Any CPU
		{EA3ACCEF-41D0-4DF8-A5F4-C161DBFB965D}.Debug|Any CPU.ActiveCfg = Debug|Any CPU
		{EA3ACCEF-41D0-4DF8-A5F4-C161DBFB965D}.Debug|Any CPU.Build.0 = Debug|Any CPU
		{EA3ACCEF-41D0-4DF8-A5F4-C161DBFB965D}.Release|Any CPU.ActiveCfg = Release|Any CPU
		{EA3ACCEF-41D0-4DF8-A5F4-C161DBFB965D}.Release|Any CPU.Build.0 = Release|Any CPU
		{A4ADE4B1-1BB5-4A67-9B11-15F2D1DA3119}.Debug|Any CPU.ActiveCfg = Debug|Any CPU
		{A4ADE4B1-1BB5-4A67-9B11-15F2D1DA3119}.Debug|Any CPU.Build.0 = Debug|Any CPU
		{A4ADE4B1-1BB5-4A67-9B11-15F2D1DA3119}.Release|Any CPU.ActiveCfg = Release|Any CPU
		{A4ADE4B1-1BB5-4A67-9B11-15F2D1DA3119}.Release|Any CPU.Build.0 = Release|Any CPU
		{ADDC048D-69A8-493F-86F4-975461C0175B}.Debug|Any CPU.ActiveCfg = Debug|Any CPU
		{ADDC048D-69A8-493F-86F4-975461C0175B}.Debug|Any CPU.Build.0 = Debug|Any CPU
		{ADDC048D-69A8-493F-86F4-975461C0175B}.Release|Any CPU.ActiveCfg = Release|Any CPU
		{ADDC048D-69A8-493F-86F4-975461C0175B}.Release|Any CPU.Build.0 = Release|Any CPU
		{0D7B32E4-3F0C-445B-98F2-9DBD19020386}.Debug|Any CPU.ActiveCfg = Debug|Any CPU
		{0D7B32E4-3F0C-445B-98F2-9DBD19020386}.Debug|Any CPU.Build.0 = Debug|Any CPU
		{0D7B32E4-3F0C-445B-98F2-9DBD19020386}.Release|Any CPU.ActiveCfg = Release|Any CPU
		{0D7B32E4-3F0C-445B-98F2-9DBD19020386}.Release|Any CPU.Build.0 = Release|Any CPU
	EndGlobalSection
	GlobalSection(SolutionProperties) = preSolution
		HideSolutionNode = FALSE
	EndGlobalSection
	GlobalSection(ExtensibilityGlobals) = postSolution
		SolutionGuid = {749B8FA3-1DD7-4F2C-95AA-187FF5EC17CC}
	EndGlobalSection
EndGlobal
