
Microsoft Visual Studio Solution File, Format Version 12.00
# Visual Studio 15
VisualStudioVersion = 15.0.27703.2047
MinimumVisualStudioVersion = 10.0.40219.1
Project("{FAE04EC0-301F-11D3-BF4B-00C04F79EFBC}") = "Conversor Grados", "Conversor Grados\Conversor Grados.csproj", "{C11BE731-B1B4-496F-BB8E-EBBBC505DF27}"
EndProject
Project("{FAE04EC0-301F-11D3-BF4B-00C04F79EFBC}") = "Grados", "Grados\Grados.csproj", "{972ACF10-8AA5-4F73-84AC-848052B423A9}"
EndProject
Global
	GlobalSection(SolutionConfigurationPlatforms) = preSolution
		Debug|Any CPU = Debug|Any CPU
		Release|Any CPU = Release|Any CPU
	EndGlobalSection
	GlobalSection(ProjectConfigurationPlatforms) = postSolution
		{C11BE731-B1B4-496F-BB8E-EBBBC505DF27}.Debug|Any CPU.ActiveCfg = Debug|Any CPU
		{C11BE731-B1B4-496F-BB8E-EBBBC505DF27}.Debug|Any CPU.Build.0 = Debug|Any CPU
		{C11BE731-B1B4-496F-BB8E-EBBBC505DF27}.Release|Any CPU.ActiveCfg = Release|Any CPU
		{C11BE731-B1B4-496F-BB8E-EBBBC505DF27}.Release|Any CPU.Build.0 = Release|Any CPU
		{972ACF10-8AA5-4F73-84AC-848052B423A9}.Debug|Any CPU.ActiveCfg = Debug|Any CPU
		{972ACF10-8AA5-4F73-84AC-848052B423A9}.Debug|Any CPU.Build.0 = Debug|Any CPU
		{972ACF10-8AA5-4F73-84AC-848052B423A9}.Release|Any CPU.ActiveCfg = Release|Any CPU
		{972ACF10-8AA5-4F73-84AC-848052B423A9}.Release|Any CPU.Build.0 = Release|Any CPU
	EndGlobalSection
	GlobalSection(SolutionProperties) = preSolution
		HideSolutionNode = FALSE
	EndGlobalSection
	GlobalSection(ExtensibilityGlobals) = postSolution
		SolutionGuid = {DBE7CC4B-AF62-4724-91C4-74AF5AA29D15}
	EndGlobalSection
EndGlobal
