
Microsoft Visual Studio Solution File, Format Version 12.00
# Visual Studio 15
VisualStudioVersion = 15.0.27703.2047
MinimumVisualStudioVersion = 10.0.40219.1
Project("{FAE04EC0-301F-11D3-BF4B-00C04F79EFBC}") = "Repaso", "Repaso\Repaso.csproj", "{CF82815B-D76F-4823-9232-B6D5679298A2}"
EndProject
Global
	GlobalSection(SolutionConfigurationPlatforms) = preSolution
		Debug|Any CPU = Debug|Any CPU
		Release|Any CPU = Release|Any CPU
	EndGlobalSection
	GlobalSection(ProjectConfigurationPlatforms) = postSolution
		{CF82815B-D76F-4823-9232-B6D5679298A2}.Debug|Any CPU.ActiveCfg = Debug|Any CPU
		{CF82815B-D76F-4823-9232-B6D5679298A2}.Debug|Any CPU.Build.0 = Debug|Any CPU
		{CF82815B-D76F-4823-9232-B6D5679298A2}.Release|Any CPU.ActiveCfg = Release|Any CPU
		{CF82815B-D76F-4823-9232-B6D5679298A2}.Release|Any CPU.Build.0 = Release|Any CPU
	EndGlobalSection
	GlobalSection(SolutionProperties) = preSolution
		HideSolutionNode = FALSE
	EndGlobalSection
	GlobalSection(ExtensibilityGlobals) = postSolution
		SolutionGuid = {6727AD6A-8B76-4CD0-BE89-7F5673E0E18E}
	EndGlobalSection
EndGlobal
