
Microsoft Visual Studio Solution File, Format Version 12.00
# Visual Studio 15
VisualStudioVersion = 15.0.28307.168
MinimumVisualStudioVersion = 10.0.40219.1
Project("{FAE04EC0-301F-11D3-BF4B-00C04F79EFBC}") = "Ejercicio_68", "Ejercicio_68\Ejercicio_68.csproj", "{1636C457-1390-4943-B758-6AC9F83F15DD}"
EndProject
Project("{FAE04EC0-301F-11D3-BF4B-00C04F79EFBC}") = "Entidades_Ejercicio_68", "Entidades_Ejercicio_68\Entidades_Ejercicio_68.csproj", "{AE821854-8C01-477E-8DC8-4EC10DD65867}"
EndProject
Global
	GlobalSection(SolutionConfigurationPlatforms) = preSolution
		Debug|Any CPU = Debug|Any CPU
		Release|Any CPU = Release|Any CPU
	EndGlobalSection
	GlobalSection(ProjectConfigurationPlatforms) = postSolution
		{1636C457-1390-4943-B758-6AC9F83F15DD}.Debug|Any CPU.ActiveCfg = Debug|Any CPU
		{1636C457-1390-4943-B758-6AC9F83F15DD}.Debug|Any CPU.Build.0 = Debug|Any CPU
		{1636C457-1390-4943-B758-6AC9F83F15DD}.Release|Any CPU.ActiveCfg = Release|Any CPU
		{1636C457-1390-4943-B758-6AC9F83F15DD}.Release|Any CPU.Build.0 = Release|Any CPU
		{AE821854-8C01-477E-8DC8-4EC10DD65867}.Debug|Any CPU.ActiveCfg = Debug|Any CPU
		{AE821854-8C01-477E-8DC8-4EC10DD65867}.Debug|Any CPU.Build.0 = Debug|Any CPU
		{AE821854-8C01-477E-8DC8-4EC10DD65867}.Release|Any CPU.ActiveCfg = Release|Any CPU
		{AE821854-8C01-477E-8DC8-4EC10DD65867}.Release|Any CPU.Build.0 = Release|Any CPU
	EndGlobalSection
	GlobalSection(SolutionProperties) = preSolution
		HideSolutionNode = FALSE
	EndGlobalSection
	GlobalSection(ExtensibilityGlobals) = postSolution
		SolutionGuid = {AF188F95-62E1-4064-B8B9-12F0742EBB20}
	EndGlobalSection
EndGlobal
