
Microsoft Visual Studio Solution File, Format Version 12.00
# Visual Studio 15
VisualStudioVersion = 15.0.28307.168
MinimumVisualStudioVersion = 10.0.40219.1
Project("{FAE04EC0-301F-11D3-BF4B-00C04F79EFBC}") = "Ejercicio_42", "Ejercicio_42.csproj", "{28178AB7-255E-4975-8F54-F23C13054C77}"
EndProject
Project("{FAE04EC0-301F-11D3-BF4B-00C04F79EFBC}") = "IO", "..\IO\IO.csproj", "{D17D8F53-642A-4285-85A4-B3E1E320AC51}"
EndProject
Global
	GlobalSection(SolutionConfigurationPlatforms) = preSolution
		Debug|Any CPU = Debug|Any CPU
		Release|Any CPU = Release|Any CPU
	EndGlobalSection
	GlobalSection(ProjectConfigurationPlatforms) = postSolution
		{28178AB7-255E-4975-8F54-F23C13054C77}.Debug|Any CPU.ActiveCfg = Debug|Any CPU
		{28178AB7-255E-4975-8F54-F23C13054C77}.Debug|Any CPU.Build.0 = Debug|Any CPU
		{28178AB7-255E-4975-8F54-F23C13054C77}.Release|Any CPU.ActiveCfg = Release|Any CPU
		{28178AB7-255E-4975-8F54-F23C13054C77}.Release|Any CPU.Build.0 = Release|Any CPU
		{D17D8F53-642A-4285-85A4-B3E1E320AC51}.Debug|Any CPU.ActiveCfg = Debug|Any CPU
		{D17D8F53-642A-4285-85A4-B3E1E320AC51}.Debug|Any CPU.Build.0 = Debug|Any CPU
		{D17D8F53-642A-4285-85A4-B3E1E320AC51}.Release|Any CPU.ActiveCfg = Release|Any CPU
		{D17D8F53-642A-4285-85A4-B3E1E320AC51}.Release|Any CPU.Build.0 = Release|Any CPU
	EndGlobalSection
	GlobalSection(SolutionProperties) = preSolution
		HideSolutionNode = FALSE
	EndGlobalSection
	GlobalSection(ExtensibilityGlobals) = postSolution
		SolutionGuid = {10C4CEB5-D074-4D12-9A9C-95110434EA89}
	EndGlobalSection
EndGlobal
