
Microsoft Visual Studio Solution File, Format Version 12.00
# Visual Studio 15
VisualStudioVersion = 15.0.27703.2047
MinimumVisualStudioVersion = 10.0.40219.1
Project("{FAE04EC0-301F-11D3-BF4B-00C04F79EFBC}") = "ConversorDinero", "ConversorDinero\ConversorDinero.csproj", "{FEA1438C-3178-4C24-9F60-4940396051CE}"
EndProject
Project("{FAE04EC0-301F-11D3-BF4B-00C04F79EFBC}") = "Moneda", "Moneda\Moneda.csproj", "{9AB4F101-4F98-4C90-90D0-B7FAF24FB708}"
EndProject
Global
	GlobalSection(SolutionConfigurationPlatforms) = preSolution
		Debug|Any CPU = Debug|Any CPU
		Release|Any CPU = Release|Any CPU
	EndGlobalSection
	GlobalSection(ProjectConfigurationPlatforms) = postSolution
		{FEA1438C-3178-4C24-9F60-4940396051CE}.Debug|Any CPU.ActiveCfg = Debug|Any CPU
		{FEA1438C-3178-4C24-9F60-4940396051CE}.Debug|Any CPU.Build.0 = Debug|Any CPU
		{FEA1438C-3178-4C24-9F60-4940396051CE}.Release|Any CPU.ActiveCfg = Release|Any CPU
		{FEA1438C-3178-4C24-9F60-4940396051CE}.Release|Any CPU.Build.0 = Release|Any CPU
		{9AB4F101-4F98-4C90-90D0-B7FAF24FB708}.Debug|Any CPU.ActiveCfg = Debug|Any CPU
		{9AB4F101-4F98-4C90-90D0-B7FAF24FB708}.Debug|Any CPU.Build.0 = Debug|Any CPU
		{9AB4F101-4F98-4C90-90D0-B7FAF24FB708}.Release|Any CPU.ActiveCfg = Release|Any CPU
		{9AB4F101-4F98-4C90-90D0-B7FAF24FB708}.Release|Any CPU.Build.0 = Release|Any CPU
	EndGlobalSection
	GlobalSection(SolutionProperties) = preSolution
		HideSolutionNode = FALSE
	EndGlobalSection
	GlobalSection(ExtensibilityGlobals) = postSolution
		SolutionGuid = {01490B30-678B-4367-9BDF-D4E38F441032}
	EndGlobalSection
EndGlobal
