
Microsoft Visual Studio Solution File, Format Version 12.00
# Visual Studio 15
VisualStudioVersion = 15.0.27703.2047
MinimumVisualStudioVersion = 10.0.40219.1
Project("{FAE04EC0-301F-11D3-BF4B-00C04F79EFBC}") = "Entidades_Ejercicio_67", "Entidades_Ejercicio_67\Entidades_Ejercicio_67.csproj", "{A0580630-8636-4FA5-8C5D-8A7A3E011DB4}"
EndProject
Global
	GlobalSection(SolutionConfigurationPlatforms) = preSolution
		Debug|Any CPU = Debug|Any CPU
		Release|Any CPU = Release|Any CPU
	EndGlobalSection
	GlobalSection(ProjectConfigurationPlatforms) = postSolution
		{A0580630-8636-4FA5-8C5D-8A7A3E011DB4}.Debug|Any CPU.ActiveCfg = Debug|Any CPU
		{A0580630-8636-4FA5-8C5D-8A7A3E011DB4}.Debug|Any CPU.Build.0 = Debug|Any CPU
		{A0580630-8636-4FA5-8C5D-8A7A3E011DB4}.Release|Any CPU.ActiveCfg = Release|Any CPU
		{A0580630-8636-4FA5-8C5D-8A7A3E011DB4}.Release|Any CPU.Build.0 = Release|Any CPU
	EndGlobalSection
	GlobalSection(SolutionProperties) = preSolution
		HideSolutionNode = FALSE
	EndGlobalSection
	GlobalSection(ExtensibilityGlobals) = postSolution
		SolutionGuid = {C3B364AF-4F82-423C-8241-D062E826F3E0}
	EndGlobalSection
EndGlobal
