
Microsoft Visual Studio Solution File, Format Version 12.00
# Visual Studio 15
VisualStudioVersion = 15.0.28307.168
MinimumVisualStudioVersion = 10.0.40219.1
Project("{FAE04EC0-301F-11D3-BF4B-00C04F79EFBC}") = "Ejercicio_63", "Ejercicio_63\Ejercicio_63.csproj", "{D1CC8D4D-6DA8-420C-B553-2D2CB9B2A85D}"
EndProject
Project("{9A19103F-16F7-4668-BE54-9A1E7A4F7556}") = "Entidades_Ejercicio_67", "Entidades_Ejercicio_67\Entidades_Ejercicio_67.csproj", "{FAC42601-493C-44FD-A888-B6959AFFAFF1}"
EndProject
Global
	GlobalSection(SolutionConfigurationPlatforms) = preSolution
		Debug|Any CPU = Debug|Any CPU
		Release|Any CPU = Release|Any CPU
	EndGlobalSection
	GlobalSection(ProjectConfigurationPlatforms) = postSolution
		{D1CC8D4D-6DA8-420C-B553-2D2CB9B2A85D}.Debug|Any CPU.ActiveCfg = Debug|Any CPU
		{D1CC8D4D-6DA8-420C-B553-2D2CB9B2A85D}.Debug|Any CPU.Build.0 = Debug|Any CPU
		{D1CC8D4D-6DA8-420C-B553-2D2CB9B2A85D}.Release|Any CPU.ActiveCfg = Release|Any CPU
		{D1CC8D4D-6DA8-420C-B553-2D2CB9B2A85D}.Release|Any CPU.Build.0 = Release|Any CPU
		{FAC42601-493C-44FD-A888-B6959AFFAFF1}.Debug|Any CPU.ActiveCfg = Debug|Any CPU
		{FAC42601-493C-44FD-A888-B6959AFFAFF1}.Debug|Any CPU.Build.0 = Debug|Any CPU
		{FAC42601-493C-44FD-A888-B6959AFFAFF1}.Release|Any CPU.ActiveCfg = Release|Any CPU
		{FAC42601-493C-44FD-A888-B6959AFFAFF1}.Release|Any CPU.Build.0 = Release|Any CPU
	EndGlobalSection
	GlobalSection(SolutionProperties) = preSolution
		HideSolutionNode = FALSE
	EndGlobalSection
	GlobalSection(ExtensibilityGlobals) = postSolution
		SolutionGuid = {BF9EC9F3-C832-4215-8511-07EF71EF1525}
	EndGlobalSection
EndGlobal
